{
  "requires": true,
  "lockfileVersion": 1,
  "dependencies": {
    "buefy": {
      "version": "0.8.2",
      "resolved": "https://registry.npmjs.org/buefy/-/buefy-0.8.2.tgz",
      "integrity": "sha512-fS4sXYE0ge7fN5tP9k67j1fSCS/yxbTrnEhJ5MBt89gcbmVe5x8/SAXdADjx5W4SdERtjKjE9mzoIoRb+ZC29Q==",
      "requires": {
        "bulma": "0.7.5"
      }
    },
    "bulma": {
      "version": "0.7.5",
      "resolved": "https://registry.npmjs.org/bulma/-/bulma-0.7.5.tgz",
      "integrity": "sha512-cX98TIn0I6sKba/DhW0FBjtaDpxTelU166pf7ICXpCCuplHWyu6C9LYZmL5PEsnePIeJaiorsTEzzNk3Tsm1hw=="
    }
  }
}
